
Microsoft Visual Studio Solution File, Format Version 12.00
# Visual Studio Version 16
VisualStudioVersion = 16.0.29609.76
MinimumVisualStudioVersion = 10.0.40219.1
Project("{FAE04EC0-301F-11D3-BF4B-00C04F79EFBC}") = "ProyectoProgramacionII", "ProyectoProgramacionII\ProyectoProgramacionII.csproj", "{41218F0E-0894-4A33-90E5-8CAD381C394E}"
EndProject
Global
	GlobalSection(SolutionConfigurationPlatforms) = preSolution
		Debug|Any CPU = Debug|Any CPU
		Release|Any CPU = Release|Any CPU
	EndGlobalSection
	GlobalSection(ProjectConfigurationPlatforms) = postSolution
		{41218F0E-0894-4A33-90E5-8CAD381C394E}.Debug|Any CPU.ActiveCfg = Debug|Any CPU
		{41218F0E-0894-4A33-90E5-8CAD381C394E}.Debug|Any CPU.Build.0 = Debug|Any CPU
		{41218F0E-0894-4A33-90E5-8CAD381C394E}.Release|Any CPU.ActiveCfg = Release|Any CPU
		{41218F0E-0894-4A33-90E5-8CAD381C394E}.Release|Any CPU.Build.0 = Release|Any CPU
	EndGlobalSection
	GlobalSection(SolutionProperties) = preSolution
		HideSolutionNode = FALSE
	EndGlobalSection
	GlobalSection(ExtensibilityGlobals) = postSolution
		SolutionGuid = {70C035A1-C6CB-43A4-A3CE-6A91B0431DC6}
	EndGlobalSection
EndGlobal
